
Microsoft Visual Studio Solution File, Format Version 12.00
# Visual Studio Version 17
VisualStudioVersion = 17.4.33205.214
MinimumVisualStudioVersion = 10.0.40219.1
Project("{9A19103F-16F7-4668-BE54-9A1E7A4F7556}") = "serverside", "serverside.csproj", "{0E8EA445-3B62-49B0-90AC-AEF26DA50659}"
EndProject
Project("{FAE04EC0-301F-11D3-BF4B-00C04F79EFBC}") = "serverside.Test", "..\TestProject1\serverside.Test.csproj", "{17492737-A822-4F5B-940A-67B48529B189}"
EndProject
Global
	GlobalSection(SolutionConfigurationPlatforms) = preSolution
		Debug|Any CPU = Debug|Any CPU
		Release|Any CPU = Release|Any CPU
	EndGlobalSection
	GlobalSection(ProjectConfigurationPlatforms) = postSolution
		{0E8EA445-3B62-49B0-90AC-AEF26DA50659}.Debug|Any CPU.ActiveCfg = Debug|Any CPU
		{0E8EA445-3B62-49B0-90AC-AEF26DA50659}.Debug|Any CPU.Build.0 = Debug|Any CPU
		{0E8EA445-3B62-49B0-90AC-AEF26DA50659}.Release|Any CPU.ActiveCfg = Release|Any CPU
		{0E8EA445-3B62-49B0-90AC-AEF26DA50659}.Release|Any CPU.Build.0 = Release|Any CPU
		{17492737-A822-4F5B-940A-67B48529B189}.Debug|Any CPU.ActiveCfg = Debug|Any CPU
		{17492737-A822-4F5B-940A-67B48529B189}.Debug|Any CPU.Build.0 = Debug|Any CPU
		{17492737-A822-4F5B-940A-67B48529B189}.Release|Any CPU.ActiveCfg = Release|Any CPU
		{17492737-A822-4F5B-940A-67B48529B189}.Release|Any CPU.Build.0 = Release|Any CPU
	EndGlobalSection
	GlobalSection(SolutionProperties) = preSolution
		HideSolutionNode = FALSE
	EndGlobalSection
	GlobalSection(ExtensibilityGlobals) = postSolution
		SolutionGuid = {7A0A9C1B-5721-4352-A16F-56D8D3F69F77}
	EndGlobalSection
EndGlobal
